// !$*UTF8*$!
{
	archiveVersion = 1;
	classes = {
	};
	objectVersion = 56;
	objects = {

/* Begin PBXBuildFile section */
		973AED8328EED648009B8A6B /* AppDelegate.swift in Sources */ = {isa = PBXBuildFile; fileRef = 973AED8228EED648009B8A6B /* AppDelegate.swift */; };
		973AED8728EED648009B8A6B /* LoginViewController.swift in Sources */ = {isa = PBXBuildFile; fileRef = 973AED8628EED648009B8A6B /* LoginViewController.swift */; };
		973AED8C28EED649009B8A6B /* Assets.xcassets in Resources */ = {isa = PBXBuildFile; fileRef = 973AED8B28EED649009B8A6B /* Assets.xcassets */; };
		973AED8F28EED649009B8A6B /* LaunchScreen.storyboard in Resources */ = {isa = PBXBuildFile; fileRef = 973AED8D28EED649009B8A6B /* LaunchScreen.storyboard */; };
		973AED9A28EEDC36009B8A6B /* LoginView.swift in Sources */ = {isa = PBXBuildFile; fileRef = 973AED9928EEDC36009B8A6B /* LoginView.swift */; };
		973AED9D28EFDE45009B8A6B /* OnboardingContainerViewController.swift in Sources */ = {isa = PBXBuildFile; fileRef = 973AED9C28EFDE45009B8A6B /* OnboardingContainerViewController.swift */; };
		973AED9F28EFE66E009B8A6B /* OnboardingViewController.swift in Sources */ = {isa = PBXBuildFile; fileRef = 973AED9E28EFE66E009B8A6B /* OnboardingViewController.swift */; };
		973AEDA128F12A3F009B8A6B /* DummyViewController.swift in Sources */ = {isa = PBXBuildFile; fileRef = 973AEDA028F12A3F009B8A6B /* DummyViewController.swift */; };
		973AEDA428F136C2009B8A6B /* LocalState.swift in Sources */ = {isa = PBXBuildFile; fileRef = 973AEDA328F136C2009B8A6B /* LocalState.swift */; };
		973AEDA628F190C0009B8A6B /* UIViewController+Extensions.swift in Sources */ = {isa = PBXBuildFile; fileRef = 973AEDA528F190C0009B8A6B /* UIViewController+Extensions.swift */; };
		973AEDA928F19345009B8A6B /* MainViewController.swift in Sources */ = {isa = PBXBuildFile; fileRef = 973AEDA828F19345009B8A6B /* MainViewController.swift */; };
		973AEDAC28F1DDFB009B8A6B /* AccountSummaryViewController.swift in Sources */ = {isa = PBXBuildFile; fileRef = 973AEDAB28F1DDFB009B8A6B /* AccountSummaryViewController.swift */; };
		973AEDAE28F1E1D9009B8A6B /* AccountSummaryHeaderView.swift in Sources */ = {isa = PBXBuildFile; fileRef = 973AEDAD28F1E1D9009B8A6B /* AccountSummaryHeaderView.swift */; };
		973AEDB028F1E251009B8A6B /* AccountSummaryHeaderView.xib in Resources */ = {isa = PBXBuildFile; fileRef = 973AEDAF28F1E251009B8A6B /* AccountSummaryHeaderView.xib */; };
		973AEDB428F2CAF2009B8A6B /* AccountSummaryCell.swift in Sources */ = {isa = PBXBuildFile; fileRef = 973AEDB328F2CAF2009B8A6B /* AccountSummaryCell.swift */; };
		973AEDB628F3FCB7009B8A6B /* Decimal+Extensions.swift in Sources */ = {isa = PBXBuildFile; fileRef = 973AEDB528F3FCB7009B8A6B /* Decimal+Extensions.swift */; };
		973AEDB828F3FD5A009B8A6B /* CurrencyFormatter.swift in Sources */ = {isa = PBXBuildFile; fileRef = 973AEDB728F3FD5A009B8A6B /* CurrencyFormatter.swift */; };
		973AEDD928F416EC009B8A6B /* CurrencyFormatterTests.swift in Sources */ = {isa = PBXBuildFile; fileRef = 973AEDD828F416EC009B8A6B /* CurrencyFormatterTests.swift */; };
		973AEDDB28F69F25009B8A6B /* NSNotification+Extensions.swift in Sources */ = {isa = PBXBuildFile; fileRef = 973AEDDA28F69F25009B8A6B /* NSNotification+Extensions.swift */; };
		973AEDDD28F6A44F009B8A6B /* UITextField+Extensions.swift in Sources */ = {isa = PBXBuildFile; fileRef = 973AEDDC28F6A44F009B8A6B /* UITextField+Extensions.swift */; };
		973AEDE028FBFA19009B8A6B /* ShakeyBellView.swift in Sources */ = {isa = PBXBuildFile; fileRef = 973AEDDF28FBFA19009B8A6B /* ShakeyBellView.swift */; };
		973AEDE228FE85DD009B8A6B /* Date+Extensions.swift in Sources */ = {isa = PBXBuildFile; fileRef = 973AEDE128FE85DD009B8A6B /* Date+Extensions.swift */; };
		973AEDE428FE881D009B8A6B /* AccountSummaryViewController+Networking.swift in Sources */ = {isa = PBXBuildFile; fileRef = 973AEDE328FE881D009B8A6B /* AccountSummaryViewController+Networking.swift */; };
		973AEDE828FEB512009B8A6B /* ProfileTests.swift in Sources */ = {isa = PBXBuildFile; fileRef = 973AEDE728FEB512009B8A6B /* ProfileTests.swift */; };
		973AEDEA28FEB5ED009B8A6B /* AccountTests.swift in Sources */ = {isa = PBXBuildFile; fileRef = 973AEDE928FEB5ED009B8A6B /* AccountTests.swift */; };
		97C676CF2906739D00CB13B9 /* SkeletonLoadable.swift in Sources */ = {isa = PBXBuildFile; fileRef = 97C676CE2906739D00CB13B9 /* SkeletonLoadable.swift */; };
		97C676D1290674C200CB13B9 /* SkeletonCell.swift in Sources */ = {isa = PBXBuildFile; fileRef = 97C676D0290674C200CB13B9 /* SkeletonCell.swift */; };
/* End PBXBuildFile section */

/* Begin PBXContainerItemProxy section */
		973AEDD228F4165E009B8A6B /* PBXContainerItemProxy */ = {
			isa = PBXContainerItemProxy;
			containerPortal = 973AED7728EED648009B8A6B /* Project object */;
			proxyType = 1;
			remoteGlobalIDString = 973AED7E28EED648009B8A6B;
			remoteInfo = Bankey;
		};
/* End PBXContainerItemProxy section */

/* Begin PBXFileReference section */
		973AED7F28EED648009B8A6B /* Bankey.app */ = {isa = PBXFileReference; explicitFileType = wrapper.application; includeInIndex = 0; path = Bankey.app; sourceTree = BUILT_PRODUCTS_DIR; };
		973AED8228EED648009B8A6B /* AppDelegate.swift */ = {isa = PBXFileReference; lastKnownFileType = sourcecode.swift; path = AppDelegate.swift; sourceTree = "<group>"; };
		973AED8628EED648009B8A6B /* LoginViewController.swift */ = {isa = PBXFileReference; lastKnownFileType = sourcecode.swift; path = LoginViewController.swift; sourceTree = "<group>"; };
		973AED8B28EED649009B8A6B /* Assets.xcassets */ = {isa = PBXFileReference; lastKnownFileType = folder.assetcatalog; path = Assets.xcassets; sourceTree = "<group>"; };
		973AED8E28EED649009B8A6B /* Base */ = {isa = PBXFileReference; lastKnownFileType = file.storyboard; name = Base; path = Base.lproj/LaunchScreen.storyboard; sourceTree = "<group>"; };
		973AED9028EED649009B8A6B /* Info.plist */ = {isa = PBXFileReference; lastKnownFileType = text.plist.xml; path = Info.plist; sourceTree = "<group>"; };
		973AED9928EEDC36009B8A6B /* LoginView.swift */ = {isa = PBXFileReference; lastKnownFileType = sourcecode.swift; path = LoginView.swift; sourceTree = "<group>"; };
		973AED9C28EFDE45009B8A6B /* OnboardingContainerViewController.swift */ = {isa = PBXFileReference; lastKnownFileType = sourcecode.swift; path = OnboardingContainerViewController.swift; sourceTree = "<group>"; };
		973AED9E28EFE66E009B8A6B /* OnboardingViewController.swift */ = {isa = PBXFileReference; lastKnownFileType = sourcecode.swift; path = OnboardingViewController.swift; sourceTree = "<group>"; };
		973AEDA028F12A3F009B8A6B /* DummyViewController.swift */ = {isa = PBXFileReference; lastKnownFileType = sourcecode.swift; path = DummyViewController.swift; sourceTree = "<group>"; };
		973AEDA328F136C2009B8A6B /* LocalState.swift */ = {isa = PBXFileReference; lastKnownFileType = sourcecode.swift; path = LocalState.swift; sourceTree = "<group>"; };
		973AEDA528F190C0009B8A6B /* UIViewController+Extensions.swift */ = {isa = PBXFileReference; lastKnownFileType = sourcecode.swift; path = "UIViewController+Extensions.swift"; sourceTree = "<group>"; };
		973AEDA828F19345009B8A6B /* MainViewController.swift */ = {isa = PBXFileReference; lastKnownFileType = sourcecode.swift; path = MainViewController.swift; sourceTree = "<group>"; };
		973AEDAB28F1DDFB009B8A6B /* AccountSummaryViewController.swift */ = {isa = PBXFileReference; lastKnownFileType = sourcecode.swift; path = AccountSummaryViewController.swift; sourceTree = "<group>"; };
		973AEDAD28F1E1D9009B8A6B /* AccountSummaryHeaderView.swift */ = {isa = PBXFileReference; lastKnownFileType = sourcecode.swift; path = AccountSummaryHeaderView.swift; sourceTree = "<group>"; };
		973AEDAF28F1E251009B8A6B /* AccountSummaryHeaderView.xib */ = {isa = PBXFileReference; lastKnownFileType = file.xib; path = AccountSummaryHeaderView.xib; sourceTree = "<group>"; };
		973AEDB328F2CAF2009B8A6B /* AccountSummaryCell.swift */ = {isa = PBXFileReference; lastKnownFileType = sourcecode.swift; path = AccountSummaryCell.swift; sourceTree = "<group>"; };
		973AEDB528F3FCB7009B8A6B /* Decimal+Extensions.swift */ = {isa = PBXFileReference; lastKnownFileType = sourcecode.swift; path = "Decimal+Extensions.swift"; sourceTree = "<group>"; };
		973AEDB728F3FD5A009B8A6B /* CurrencyFormatter.swift */ = {isa = PBXFileReference; lastKnownFileType = sourcecode.swift; path = CurrencyFormatter.swift; sourceTree = "<group>"; };
		973AEDCE28F4165E009B8A6B /* BankeyUnitTests.xctest */ = {isa = PBXFileReference; explicitFileType = wrapper.cfbundle; includeInIndex = 0; path = BankeyUnitTests.xctest; sourceTree = BUILT_PRODUCTS_DIR; };
		973AEDD728F416EC009B8A6B /* BankeyUnitTests-Bridging-Header.h */ = {isa = PBXFileReference; lastKnownFileType = sourcecode.c.h; path = "BankeyUnitTests-Bridging-Header.h"; sourceTree = "<group>"; };
		973AEDD828F416EC009B8A6B /* CurrencyFormatterTests.swift */ = {isa = PBXFileReference; lastKnownFileType = sourcecode.swift; path = CurrencyFormatterTests.swift; sourceTree = "<group>"; };
		973AEDDA28F69F25009B8A6B /* NSNotification+Extensions.swift */ = {isa = PBXFileReference; lastKnownFileType = sourcecode.swift; path = "NSNotification+Extensions.swift"; sourceTree = "<group>"; };
		973AEDDC28F6A44F009B8A6B /* UITextField+Extensions.swift */ = {isa = PBXFileReference; lastKnownFileType = sourcecode.swift; path = "UITextField+Extensions.swift"; sourceTree = "<group>"; };
		973AEDDF28FBFA19009B8A6B /* ShakeyBellView.swift */ = {isa = PBXFileReference; lastKnownFileType = sourcecode.swift; path = ShakeyBellView.swift; sourceTree = "<group>"; };
		973AEDE128FE85DD009B8A6B /* Date+Extensions.swift */ = {isa = PBXFileReference; lastKnownFileType = sourcecode.swift; path = "Date+Extensions.swift"; sourceTree = "<group>"; };
		973AEDE328FE881D009B8A6B /* AccountSummaryViewController+Networking.swift */ = {isa = PBXFileReference; lastKnownFileType = sourcecode.swift; path = "AccountSummaryViewController+Networking.swift"; sourceTree = "<group>"; };
		973AEDE728FEB512009B8A6B /* ProfileTests.swift */ = {isa = PBXFileReference; lastKnownFileType = sourcecode.swift; path = ProfileTests.swift; sourceTree = "<group>"; };
		973AEDE928FEB5ED009B8A6B /* AccountTests.swift */ = {isa = PBXFileReference; lastKnownFileType = sourcecode.swift; path = AccountTests.swift; sourceTree = "<group>"; };
		97C676CE2906739D00CB13B9 /* SkeletonLoadable.swift */ = {isa = PBXFileReference; lastKnownFileType = sourcecode.swift; path = SkeletonLoadable.swift; sourceTree = "<group>"; };
		97C676D0290674C200CB13B9 /* SkeletonCell.swift */ = {isa = PBXFileReference; lastKnownFileType = sourcecode.swift; path = SkeletonCell.swift; sourceTree = "<group>"; };
/* End PBXFileReference section */

/* Begin PBXFrameworksBuildPhase section */
		973AED7C28EED648009B8A6B /* Frameworks */ = {
			isa = PBXFrameworksBuildPhase;
			buildActionMask = 2147483647;
			files = (
			);
			runOnlyForDeploymentPostprocessing = 0;
		};
		973AEDCB28F4165E009B8A6B /* Frameworks */ = {
			isa = PBXFrameworksBuildPhase;
			buildActionMask = 2147483647;
			files = (
			);
			runOnlyForDeploymentPostprocessing = 0;
		};
/* End PBXFrameworksBuildPhase section */

/* Begin PBXGroup section */
		973AED7628EED648009B8A6B = {
			isa = PBXGroup;
			children = (
				973AED8128EED648009B8A6B /* Bankey */,
				973AEDCF28F4165E009B8A6B /* BankeyUnitTests */,
				973AED8028EED648009B8A6B /* Products */,
			);
			sourceTree = "<group>";
		};
		973AED8028EED648009B8A6B /* Products */ = {
			isa = PBXGroup;
			children = (
				973AED7F28EED648009B8A6B /* Bankey.app */,
				973AEDCE28F4165E009B8A6B /* BankeyUnitTests.xctest */,
			);
			name = Products;
			sourceTree = "<group>";
		};
		973AED8128EED648009B8A6B /* Bankey */ = {
			isa = PBXGroup;
			children = (
				973AED8228EED648009B8A6B /* AppDelegate.swift */,
				973AEDA828F19345009B8A6B /* MainViewController.swift */,
				973AED9828EEDBA2009B8A6B /* Login */,
				973AED9B28EFDDC2009B8A6B /* Onboarding */,
				973AEDAA28F1DD8F009B8A6B /* AccountSummary */,
				973AEDA228F1369E009B8A6B /* Utils */,
				973AEDDE28FBF992009B8A6B /* Components */,
				973AED9728EEDAA8009B8A6B /* Files */,
			);
			path = Bankey;
			sourceTree = "<group>";
		};
		973AED9728EEDAA8009B8A6B /* Files */ = {
			isa = PBXGroup;
			children = (
				973AED8B28EED649009B8A6B /* Assets.xcassets */,
				973AED8D28EED649009B8A6B /* LaunchScreen.storyboard */,
				973AED9028EED649009B8A6B /* Info.plist */,
			);
			name = Files;
			sourceTree = "<group>";
		};
		973AED9828EEDBA2009B8A6B /* Login */ = {
			isa = PBXGroup;
			children = (
				973AED8628EED648009B8A6B /* LoginViewController.swift */,
				973AED9928EEDC36009B8A6B /* LoginView.swift */,
				973AEDA028F12A3F009B8A6B /* DummyViewController.swift */,
			);
			path = Login;
			sourceTree = "<group>";
		};
		973AED9B28EFDDC2009B8A6B /* Onboarding */ = {
			isa = PBXGroup;
			children = (
				973AED9C28EFDE45009B8A6B /* OnboardingContainerViewController.swift */,
				973AED9E28EFE66E009B8A6B /* OnboardingViewController.swift */,
			);
			path = Onboarding;
			sourceTree = "<group>";
		};
		973AEDA228F1369E009B8A6B /* Utils */ = {
			isa = PBXGroup;
			children = (
				973AEDA728F1911F009B8A6B /* Extensions */,
				973AEDA328F136C2009B8A6B /* LocalState.swift */,
				973AEDB728F3FD5A009B8A6B /* CurrencyFormatter.swift */,
			);
			path = Utils;
			sourceTree = "<group>";
		};
		973AEDA728F1911F009B8A6B /* Extensions */ = {
			isa = PBXGroup;
			children = (
				973AEDDA28F69F25009B8A6B /* NSNotification+Extensions.swift */,
				973AEDA528F190C0009B8A6B /* UIViewController+Extensions.swift */,
				973AEDB528F3FCB7009B8A6B /* Decimal+Extensions.swift */,
				973AEDDC28F6A44F009B8A6B /* UITextField+Extensions.swift */,
				973AEDE128FE85DD009B8A6B /* Date+Extensions.swift */,
			);
			path = Extensions;
			sourceTree = "<group>";
		};
		973AEDAA28F1DD8F009B8A6B /* AccountSummary */ = {
			isa = PBXGroup;
			children = (
				973AEDAB28F1DDFB009B8A6B /* AccountSummaryViewController.swift */,
				973AEDE328FE881D009B8A6B /* AccountSummaryViewController+Networking.swift */,
				973AEDB128F2CA74009B8A6B /* Header */,
				973AEDB228F2CA8B009B8A6B /* Cell */,
			);
			path = AccountSummary;
			sourceTree = "<group>";
		};
		973AEDB128F2CA74009B8A6B /* Header */ = {
			isa = PBXGroup;
			children = (
				973AEDAD28F1E1D9009B8A6B /* AccountSummaryHeaderView.swift */,
				973AEDAF28F1E251009B8A6B /* AccountSummaryHeaderView.xib */,
			);
			path = Header;
			sourceTree = "<group>";
		};
		973AEDB228F2CA8B009B8A6B /* Cell */ = {
			isa = PBXGroup;
			children = (
				973AEDB328F2CAF2009B8A6B /* AccountSummaryCell.swift */,
				97C676CE2906739D00CB13B9 /* SkeletonLoadable.swift */,
				97C676D0290674C200CB13B9 /* SkeletonCell.swift */,
			);
			path = Cell;
			sourceTree = "<group>";
		};
		973AEDCF28F4165E009B8A6B /* BankeyUnitTests */ = {
			isa = PBXGroup;
			children = (
				973AEDE628FEB4B9009B8A6B /* AccountSummary */,
				973AEDE528FEB48C009B8A6B /* Utils */,
				973AEDD728F416EC009B8A6B /* BankeyUnitTests-Bridging-Header.h */,
			);
			path = BankeyUnitTests;
			sourceTree = "<group>";
		};
		973AEDDE28FBF992009B8A6B /* Components */ = {
			isa = PBXGroup;
			children = (
				973AEDDF28FBFA19009B8A6B /* ShakeyBellView.swift */,
			);
			path = Components;
			sourceTree = "<group>";
		};
		973AEDE528FEB48C009B8A6B /* Utils */ = {
			isa = PBXGroup;
			children = (
				973AEDD828F416EC009B8A6B /* CurrencyFormatterTests.swift */,
			);
			path = Utils;
			sourceTree = "<group>";
		};
		973AEDE628FEB4B9009B8A6B /* AccountSummary */ = {
			isa = PBXGroup;
			children = (
				973AEDE728FEB512009B8A6B /* ProfileTests.swift */,
				973AEDE928FEB5ED009B8A6B /* AccountTests.swift */,
			);
			path = AccountSummary;
			sourceTree = "<group>";
		};
/* End PBXGroup section */

/* Begin PBXNativeTarget section */
		973AED7E28EED648009B8A6B /* Bankey */ = {
			isa = PBXNativeTarget;
			buildConfigurationList = 973AED9328EED649009B8A6B /* Build configuration list for PBXNativeTarget "Bankey" */;
			buildPhases = (
				973AED7B28EED648009B8A6B /* Sources */,
				973AED7C28EED648009B8A6B /* Frameworks */,
				973AED7D28EED648009B8A6B /* Resources */,
			);
			buildRules = (
			);
			dependencies = (
			);
			name = Bankey;
			productName = Bankey;
			productReference = 973AED7F28EED648009B8A6B /* Bankey.app */;
			productType = "com.apple.product-type.application";
		};
		973AEDCD28F4165E009B8A6B /* BankeyUnitTests */ = {
			isa = PBXNativeTarget;
			buildConfigurationList = 973AEDD428F4165E009B8A6B /* Build configuration list for PBXNativeTarget "BankeyUnitTests" */;
			buildPhases = (
				973AEDCA28F4165E009B8A6B /* Sources */,
				973AEDCB28F4165E009B8A6B /* Frameworks */,
				973AEDCC28F4165E009B8A6B /* Resources */,
			);
			buildRules = (
			);
			dependencies = (
				973AEDD328F4165E009B8A6B /* PBXTargetDependency */,
			);
			name = BankeyUnitTests;
			productName = BankeyUnitTests;
			productReference = 973AEDCE28F4165E009B8A6B /* BankeyUnitTests.xctest */;
			productType = "com.apple.product-type.bundle.unit-test";
		};
/* End PBXNativeTarget section */

/* Begin PBXProject section */
		973AED7728EED648009B8A6B /* Project object */ = {
			isa = PBXProject;
			attributes = {
				BuildIndependentTargetsInParallel = 1;
				LastSwiftUpdateCheck = 1400;
				LastUpgradeCheck = 1400;
				TargetAttributes = {
					973AED7E28EED648009B8A6B = {
						CreatedOnToolsVersion = 14.0;
					};
					973AEDCD28F4165E009B8A6B = {
						CreatedOnToolsVersion = 14.0;
						LastSwiftMigration = 1400;
						TestTargetID = 973AED7E28EED648009B8A6B;
					};
				};
			};
			buildConfigurationList = 973AED7A28EED648009B8A6B /* Build configuration list for PBXProject "Bankey" */;
			compatibilityVersion = "Xcode 14.0";
			developmentRegion = en;
			hasScannedForEncodings = 0;
			knownRegions = (
				en,
				Base,
			);
			mainGroup = 973AED7628EED648009B8A6B;
			productRefGroup = 973AED8028EED648009B8A6B /* Products */;
			projectDirPath = "";
			projectRoot = "";
			targets = (
				973AED7E28EED648009B8A6B /* Bankey */,
				973AEDCD28F4165E009B8A6B /* BankeyUnitTests */,
			);
		};
/* End PBXProject section */

/* Begin PBXResourcesBuildPhase section */
		973AED7D28EED648009B8A6B /* Resources */ = {
			isa = PBXResourcesBuildPhase;
			buildActionMask = 2147483647;
			files = (
				973AEDB028F1E251009B8A6B /* AccountSummaryHeaderView.xib in Resources */,
				973AED8F28EED649009B8A6B /* LaunchScreen.storyboard in Resources */,
				973AED8C28EED649009B8A6B /* Assets.xcassets in Resources */,
			);
			runOnlyForDeploymentPostprocessing = 0;
		};
		973AEDCC28F4165E009B8A6B /* Resources */ = {
			isa = PBXResourcesBuildPhase;
			buildActionMask = 2147483647;
			files = (
			);
			runOnlyForDeploymentPostprocessing = 0;
		};
/* End PBXResourcesBuildPhase section */

/* Begin PBXSourcesBuildPhase section */
		973AED7B28EED648009B8A6B /* Sources */ = {
			isa = PBXSourcesBuildPhase;
			buildActionMask = 2147483647;
			files = (
				973AEDB628F3FCB7009B8A6B /* Decimal+Extensions.swift in Sources */,
				97C676D1290674C200CB13B9 /* SkeletonCell.swift in Sources */,
				973AEDA628F190C0009B8A6B /* UIViewController+Extensions.swift in Sources */,
				973AED9A28EEDC36009B8A6B /* LoginView.swift in Sources */,
				973AEDA428F136C2009B8A6B /* LocalState.swift in Sources */,
				973AEDAE28F1E1D9009B8A6B /* AccountSummaryHeaderView.swift in Sources */,
				973AEDB828F3FD5A009B8A6B /* CurrencyFormatter.swift in Sources */,
				973AEDA128F12A3F009B8A6B /* DummyViewController.swift in Sources */,
				973AED8728EED648009B8A6B /* LoginViewController.swift in Sources */,
				973AEDB428F2CAF2009B8A6B /* AccountSummaryCell.swift in Sources */,
				973AEDDD28F6A44F009B8A6B /* UITextField+Extensions.swift in Sources */,
				973AEDE028FBFA19009B8A6B /* ShakeyBellView.swift in Sources */,
				973AEDE228FE85DD009B8A6B /* Date+Extensions.swift in Sources */,
				973AED9F28EFE66E009B8A6B /* OnboardingViewController.swift in Sources */,
				973AEDA928F19345009B8A6B /* MainViewController.swift in Sources */,
				973AEDAC28F1DDFB009B8A6B /* AccountSummaryViewController.swift in Sources */,
				973AEDDB28F69F25009B8A6B /* NSNotification+Extensions.swift in Sources */,
				973AED8328EED648009B8A6B /* AppDelegate.swift in Sources */,
				973AED9D28EFDE45009B8A6B /* OnboardingContainerViewController.swift in Sources */,
				97C676CF2906739D00CB13B9 /* SkeletonLoadable.swift in Sources */,
				973AEDE428FE881D009B8A6B /* AccountSummaryViewController+Networking.swift in Sources */,
			);
			runOnlyForDeploymentPostprocessing = 0;
		};
		973AEDCA28F4165E009B8A6B /* Sources */ = {
			isa = PBXSourcesBuildPhase;
			buildActionMask = 2147483647;
			files = (
				973AEDD928F416EC009B8A6B /* CurrencyFormatterTests.swift in Sources */,
				973AEDEA28FEB5ED009B8A6B /* AccountTests.swift in Sources */,
				973AEDE828FEB512009B8A6B /* ProfileTests.swift in Sources */,
			);
			runOnlyForDeploymentPostprocessing = 0;
		};
/* End PBXSourcesBuildPhase section */

/* Begin PBXTargetDependency section */
		973AEDD328F4165E009B8A6B /* PBXTargetDependency */ = {
			isa = PBXTargetDependency;
			target = 973AED7E28EED648009B8A6B /* Bankey */;
			targetProxy = 973AEDD228F4165E009B8A6B /* PBXContainerItemProxy */;
		};
/* End PBXTargetDependency section */

/* Begin PBXVariantGroup section */
		973AED8D28EED649009B8A6B /* LaunchScreen.storyboard */ = {
			isa = PBXVariantGroup;
			children = (
				973AED8E28EED649009B8A6B /* Base */,
			);
			name = LaunchScreen.storyboard;
			sourceTree = "<group>";
		};
/* End PBXVariantGroup section */

/* Begin XCBuildConfiguration section */
		973AED9128EED649009B8A6B /* Debug */ = {
			isa = XCBuildConfiguration;
			buildSettings = {
				ALWAYS_SEARCH_USER_PATHS = NO;
				CLANG_ANALYZER_NONNULL = YES;
				CLANG_ANALYZER_NUMBER_OBJECT_CONVERSION = YES_AGGRESSIVE;
				CLANG_CXX_LANGUAGE_STANDARD = "gnu++20";
				CLANG_ENABLE_MODULES = YES;
				CLANG_ENABLE_OBJC_ARC = YES;
				CLANG_ENABLE_OBJC_WEAK = YES;
				CLANG_WARN_BLOCK_CAPTURE_AUTORELEASING = YES;
				CLANG_WARN_BOOL_CONVERSION = YES;
				CLANG_WARN_COMMA = YES;
				CLANG_WARN_CONSTANT_CONVERSION = YES;
				CLANG_WARN_DEPRECATED_OBJC_IMPLEMENTATIONS = YES;
				CLANG_WARN_DIRECT_OBJC_ISA_USAGE = YES_ERROR;
				CLANG_WARN_DOCUMENTATION_COMMENTS = YES;
				CLANG_WARN_EMPTY_BODY = YES;
				CLANG_WARN_ENUM_CONVERSION = YES;
				CLANG_WARN_INFINITE_RECURSION = YES;
				CLANG_WARN_INT_CONVERSION = YES;
				CLANG_WARN_NON_LITERAL_NULL_CONVERSION = YES;
				CLANG_WARN_OBJC_IMPLICIT_RETAIN_SELF = YES;
				CLANG_WARN_OBJC_LITERAL_CONVERSION = YES;
				CLANG_WARN_OBJC_ROOT_CLASS = YES_ERROR;
				CLANG_WARN_QUOTED_INCLUDE_IN_FRAMEWORK_HEADER = YES;
				CLANG_WARN_RANGE_LOOP_ANALYSIS = YES;
				CLANG_WARN_STRICT_PROTOTYPES = YES;
				CLANG_WARN_SUSPICIOUS_MOVE = YES;
				CLANG_WARN_UNGUARDED_AVAILABILITY = YES_AGGRESSIVE;
				CLANG_WARN_UNREACHABLE_CODE = YES;
				CLANG_WARN__DUPLICATE_METHOD_MATCH = YES;
				COPY_PHASE_STRIP = NO;
				DEBUG_INFORMATION_FORMAT = dwarf;
				ENABLE_STRICT_OBJC_MSGSEND = YES;
				ENABLE_TESTABILITY = YES;
				GCC_C_LANGUAGE_STANDARD = gnu11;
				GCC_DYNAMIC_NO_PIC = NO;
				GCC_NO_COMMON_BLOCKS = YES;
				GCC_OPTIMIZATION_LEVEL = 0;
				GCC_PREPROCESSOR_DEFINITIONS = (
					"DEBUG=1",
					"$(inherited)",
				);
				GCC_WARN_64_TO_32_BIT_CONVERSION = YES;
				GCC_WARN_ABOUT_RETURN_TYPE = YES_ERROR;
				GCC_WARN_UNDECLARED_SELECTOR = YES;
				GCC_WARN_UNINITIALIZED_AUTOS = YES_AGGRESSIVE;
				GCC_WARN_UNUSED_FUNCTION = YES;
				GCC_WARN_UNUSED_VARIABLE = YES;
				IPHONEOS_DEPLOYMENT_TARGET = 16.0;
				MTL_ENABLE_DEBUG_INFO = INCLUDE_SOURCE;
				MTL_FAST_MATH = YES;
				ONLY_ACTIVE_ARCH = YES;
				SDKROOT = iphoneos;
				SWIFT_ACTIVE_COMPILATION_CONDITIONS = DEBUG;
				SWIFT_OPTIMIZATION_LEVEL = "-Onone";
			};
			name = Debug;
		};
		973AED9228EED649009B8A6B /* Release */ = {
			isa = XCBuildConfiguration;
			buildSettings = {
				ALWAYS_SEARCH_USER_PATHS = NO;
				CLANG_ANALYZER_NONNULL = YES;
				CLANG_ANALYZER_NUMBER_OBJECT_CONVERSION = YES_AGGRESSIVE;
				CLANG_CXX_LANGUAGE_STANDARD = "gnu++20";
				CLANG_ENABLE_MODULES = YES;
				CLANG_ENABLE_OBJC_ARC = YES;
				CLANG_ENABLE_OBJC_WEAK = YES;
				CLANG_WARN_BLOCK_CAPTURE_AUTORELEASING = YES;
				CLANG_WARN_BOOL_CONVERSION = YES;
				CLANG_WARN_COMMA = YES;
				CLANG_WARN_CONSTANT_CONVERSION = YES;
				CLANG_WARN_DEPRECATED_OBJC_IMPLEMENTATIONS = YES;
				CLANG_WARN_DIRECT_OBJC_ISA_USAGE = YES_ERROR;
				CLANG_WARN_DOCUMENTATION_COMMENTS = YES;
				CLANG_WARN_EMPTY_BODY = YES;
				CLANG_WARN_ENUM_CONVERSION = YES;
				CLANG_WARN_INFINITE_RECURSION = YES;
				CLANG_WARN_INT_CONVERSION = YES;
				CLANG_WARN_NON_LITERAL_NULL_CONVERSION = YES;
				CLANG_WARN_OBJC_IMPLICIT_RETAIN_SELF = YES;
				CLANG_WARN_OBJC_LITERAL_CONVERSION = YES;
				CLANG_WARN_OBJC_ROOT_CLASS = YES_ERROR;
				CLANG_WARN_QUOTED_INCLUDE_IN_FRAMEWORK_HEADER = YES;
				CLANG_WARN_RANGE_LOOP_ANALYSIS = YES;
				CLANG_WARN_STRICT_PROTOTYPES = YES;
				CLANG_WARN_SUSPICIOUS_MOVE = YES;
				CLANG_WARN_UNGUARDED_AVAILABILITY = YES_AGGRESSIVE;
				CLANG_WARN_UNREACHABLE_CODE = YES;
				CLANG_WARN__DUPLICATE_METHOD_MATCH = YES;
				COPY_PHASE_STRIP = NO;
				DEBUG_INFORMATION_FORMAT = "dwarf-with-dsym";
				ENABLE_NS_ASSERTIONS = NO;
				ENABLE_STRICT_OBJC_MSGSEND = YES;
				GCC_C_LANGUAGE_STANDARD = gnu11;
				GCC_NO_COMMON_BLOCKS = YES;
				GCC_WARN_64_TO_32_BIT_CONVERSION = YES;
				GCC_WARN_ABOUT_RETURN_TYPE = YES_ERROR;
				GCC_WARN_UNDECLARED_SELECTOR = YES;
				GCC_WARN_UNINITIALIZED_AUTOS = YES_AGGRESSIVE;
				GCC_WARN_UNUSED_FUNCTION = YES;
				GCC_WARN_UNUSED_VARIABLE = YES;
				IPHONEOS_DEPLOYMENT_TARGET = 16.0;
				MTL_ENABLE_DEBUG_INFO = NO;
				MTL_FAST_MATH = YES;
				SDKROOT = iphoneos;
				SWIFT_COMPILATION_MODE = wholemodule;
				SWIFT_OPTIMIZATION_LEVEL = "-O";
				VALIDATE_PRODUCT = YES;
			};
			name = Release;
		};
		973AED9428EED649009B8A6B /* Debug */ = {
			isa = XCBuildConfiguration;
			buildSettings = {
				ASSETCATALOG_COMPILER_APPICON_NAME = AppIcon;
				ASSETCATALOG_COMPILER_GLOBAL_ACCENT_COLOR_NAME = AccentColor;
				CODE_SIGN_STYLE = Automatic;
				CURRENT_PROJECT_VERSION = 1;
				DEVELOPMENT_TEAM = C7PLJ4A854;
				GENERATE_INFOPLIST_FILE = YES;
				INFOPLIST_FILE = Bankey/Info.plist;
				INFOPLIST_KEY_UIApplicationSupportsIndirectInputEvents = YES;
				INFOPLIST_KEY_UILaunchStoryboardName = LaunchScreen;
				LD_RUNPATH_SEARCH_PATHS = (
					"$(inherited)",
					"@executable_path/Frameworks",
				);
				MARKETING_VERSION = 1.0;
				PRODUCT_BUNDLE_IDENTIFIER = com.hussainbusiness.Bankey;
				PRODUCT_NAME = "$(TARGET_NAME)";
				SUPPORTED_PLATFORMS = "iphoneos iphonesimulator";
				SUPPORTS_MACCATALYST = NO;
				SUPPORTS_MAC_DESIGNED_FOR_IPHONE_IPAD = NO;
				SWIFT_EMIT_LOC_STRINGS = YES;
				SWIFT_VERSION = 5.0;
				TARGETED_DEVICE_FAMILY = "1,2";
			};
			name = Debug;
		};
		973AED9528EED649009B8A6B /* Release */ = {
			isa = XCBuildConfiguration;
			buildSettings = {
				ASSETCATALOG_COMPILER_APPICON_NAME = AppIcon;
				ASSETCATALOG_COMPILER_GLOBAL_ACCENT_COLOR_NAME = AccentColor;
				CODE_SIGN_STYLE = Automatic;
				CURRENT_PROJECT_VERSION = 1;
				DEVELOPMENT_TEAM = C7PLJ4A854;
				GENERATE_INFOPLIST_FILE = YES;
				INFOPLIST_FILE = Bankey/Info.plist;
				INFOPLIST_KEY_UIApplicationSupportsIndirectInputEvents = YES;
				INFOPLIST_KEY_UILaunchStoryboardName = LaunchScreen;
				LD_RUNPATH_SEARCH_PATHS = (
					"$(inherited)",
					"@executable_path/Frameworks",
				);
				MARKETING_VERSION = 1.0;
				PRODUCT_BUNDLE_IDENTIFIER = com.hussainbusiness.Bankey;
				PRODUCT_NAME = "$(TARGET_NAME)";
				SUPPORTED_PLATFORMS = "iphoneos iphonesimulator";
				SUPPORTS_MACCATALYST = NO;
				SUPPORTS_MAC_DESIGNED_FOR_IPHONE_IPAD = NO;
				SWIFT_EMIT_LOC_STRINGS = YES;
				SWIFT_VERSION = 5.0;
				TARGETED_DEVICE_FAMILY = "1,2";
			};
			name = Release;
		};
		973AEDD528F4165E009B8A6B /* Debug */ = {
			isa = XCBuildConfiguration;
			buildSettings = {
				BUNDLE_LOADER = "$(TEST_HOST)";
				CLANG_ENABLE_MODULES = YES;
				CODE_SIGN_STYLE = Automatic;
				CURRENT_PROJECT_VERSION = 1;
				DEVELOPMENT_TEAM = C7PLJ4A854;
				GENERATE_INFOPLIST_FILE = YES;
				LD_RUNPATH_SEARCH_PATHS = (
					"$(inherited)",
					"@executable_path/Frameworks",
					"@loader_path/Frameworks",
				);
				MARKETING_VERSION = 1.0;
				PRODUCT_BUNDLE_IDENTIFIER = com.hussainbusiness.BankeyUnitTests;
				PRODUCT_NAME = "$(TARGET_NAME)";
				SUPPORTED_PLATFORMS = "iphoneos iphonesimulator";
				SUPPORTS_MACCATALYST = NO;
				SUPPORTS_MAC_DESIGNED_FOR_IPHONE_IPAD = NO;
				SWIFT_EMIT_LOC_STRINGS = NO;
				SWIFT_OBJC_BRIDGING_HEADER = "BankeyUnitTests/BankeyUnitTests-Bridging-Header.h";
				SWIFT_OPTIMIZATION_LEVEL = "-Onone";
				SWIFT_VERSION = 5.0;
				TARGETED_DEVICE_FAMILY = "1,2";
				TEST_HOST = "$(BUILT_PRODUCTS_DIR)/Bankey.app/$(BUNDLE_EXECUTABLE_FOLDER_PATH)/Bankey";
			};
			name = Debug;
		};
		973AEDD628F4165E009B8A6B /* Release */ = {
			isa = XCBuildConfiguration;
			buildSettings = {
				BUNDLE_LOADER = "$(TEST_HOST)";
				CLANG_ENABLE_MODULES = YES;
				CODE_SIGN_STYLE = Automatic;
				CURRENT_PROJECT_VERSION = 1;
				DEVELOPMENT_TEAM = C7PLJ4A854;
				GENERATE_INFOPLIST_FILE = YES;
				LD_RUNPATH_SEARCH_PATHS = (
					"$(inherited)",
					"@executable_path/Frameworks",
					"@loader_path/Frameworks",
				);
				MARKETING_VERSION = 1.0;
				PRODUCT_BUNDLE_IDENTIFIER = com.hussainbusiness.BankeyUnitTests;
				PRODUCT_NAME = "$(TARGET_NAME)";
				SUPPORTED_PLATFORMS = "iphoneos iphonesimulator";
				SUPPORTS_MACCATALYST = NO;
				SUPPORTS_MAC_DESIGNED_FOR_IPHONE_IPAD = NO;
				SWIFT_EMIT_LOC_STRINGS = NO;
				SWIFT_OBJC_BRIDGING_HEADER = "BankeyUnitTests/BankeyUnitTests-Bridging-Header.h";
				SWIFT_VERSION = 5.0;
				TARGETED_DEVICE_FAMILY = "1,2";
				TEST_HOST = "$(BUILT_PRODUCTS_DIR)/Bankey.app/$(BUNDLE_EXECUTABLE_FOLDER_PATH)/Bankey";
			};
			name = Release;
		};
/* End XCBuildConfiguration section */

/* Begin XCConfigurationList section */
		973AED7A28EED648009B8A6B /* Build configuration list for PBXProject "Bankey" */ = {
			isa = XCConfigurationList;
			buildConfigurations = (
				973AED9128EED649009B8A6B /* Debug */,
				973AED9228EED649009B8A6B /* Release */,
			);
			defaultConfigurationIsVisible = 0;
			defaultConfigurationName = Release;
		};
		973AED9328EED649009B8A6B /* Build configuration list for PBXNativeTarget "Bankey" */ = {
			isa = XCConfigurationList;
			buildConfigurations = (
				973AED9428EED649009B8A6B /* Debug */,
				973AED9528EED649009B8A6B /* Release */,
			);
			defaultConfigurationIsVisible = 0;
			defaultConfigurationName = Release;
		};
		973AEDD428F4165E009B8A6B /* Build configuration list for PBXNativeTarget "BankeyUnitTests" */ = {
			isa = XCConfigurationList;
			buildConfigurations = (
				973AEDD528F4165E009B8A6B /* Debug */,
				973AEDD628F4165E009B8A6B /* Release */,
			);
			defaultConfigurationIsVisible = 0;
			defaultConfigurationName = Release;
		};
/* End XCConfigurationList section */
	};
	rootObject = 973AED7728EED648009B8A6B /* Project object */;
}
