// !$*UTF8*$!
{
	archiveVersion = 1;
	classes = {
	};
	objectVersion = 56;
	objects = {

/* Begin PBXBuildFile section */
		97C676E4290A726A00CB13B9 /* AppDelegate.swift in Sources */ = {isa = PBXBuildFile; fileRef = 97C676E3290A726A00CB13B9 /* AppDelegate.swift */; };
		97C676E8290A726A00CB13B9 /* ViewController.swift in Sources */ = {isa = PBXBuildFile; fileRef = 97C676E7290A726A00CB13B9 /* ViewController.swift */; };
		97C676ED290A726B00CB13B9 /* Assets.xcassets in Resources */ = {isa = PBXBuildFile; fileRef = 97C676EC290A726B00CB13B9 /* Assets.xcassets */; };
		97C676F0290A726B00CB13B9 /* LaunchScreen.storyboard in Resources */ = {isa = PBXBuildFile; fileRef = 97C676EE290A726B00CB13B9 /* LaunchScreen.storyboard */; };
		97C676FD290A79DD00CB13B9 /* UITextField+Extensions.swift in Sources */ = {isa = PBXBuildFile; fileRef = 97C676FC290A79DD00CB13B9 /* UITextField+Extensions.swift */; };
		97C676FF290BA5B200CB13B9 /* PasswordTextField.swift in Sources */ = {isa = PBXBuildFile; fileRef = 97C676FE290BA5B200CB13B9 /* PasswordTextField.swift */; };
		97C67702290D163E00CB13B9 /* PasswordCriteriaView.swift in Sources */ = {isa = PBXBuildFile; fileRef = 97C67701290D163E00CB13B9 /* PasswordCriteriaView.swift */; };
		97C67704290D3C8200CB13B9 /* PasswordStatusView.swift in Sources */ = {isa = PBXBuildFile; fileRef = 97C67703290D3C8200CB13B9 /* PasswordStatusView.swift */; };
		97C67727290E4AA800CB13B9 /* PasswordCriteria.swift in Sources */ = {isa = PBXBuildFile; fileRef = 97C67726290E4AA800CB13B9 /* PasswordCriteria.swift */; };
/* End PBXBuildFile section */

/* Begin PBXFileReference section */
		97C676E0290A726A00CB13B9 /* Password.app */ = {isa = PBXFileReference; explicitFileType = wrapper.application; includeInIndex = 0; path = Password.app; sourceTree = BUILT_PRODUCTS_DIR; };
		97C676E3290A726A00CB13B9 /* AppDelegate.swift */ = {isa = PBXFileReference; lastKnownFileType = sourcecode.swift; path = AppDelegate.swift; sourceTree = "<group>"; };
		97C676E7290A726A00CB13B9 /* ViewController.swift */ = {isa = PBXFileReference; lastKnownFileType = sourcecode.swift; path = ViewController.swift; sourceTree = "<group>"; };
		97C676EC290A726B00CB13B9 /* Assets.xcassets */ = {isa = PBXFileReference; lastKnownFileType = folder.assetcatalog; path = Assets.xcassets; sourceTree = "<group>"; };
		97C676EF290A726B00CB13B9 /* Base */ = {isa = PBXFileReference; lastKnownFileType = file.storyboard; name = Base; path = Base.lproj/LaunchScreen.storyboard; sourceTree = "<group>"; };
		97C676F1290A726B00CB13B9 /* Info.plist */ = {isa = PBXFileReference; lastKnownFileType = text.plist.xml; path = Info.plist; sourceTree = "<group>"; };
		97C676FC290A79DD00CB13B9 /* UITextField+Extensions.swift */ = {isa = PBXFileReference; lastKnownFileType = sourcecode.swift; path = "UITextField+Extensions.swift"; sourceTree = "<group>"; };
		97C676FE290BA5B200CB13B9 /* PasswordTextField.swift */ = {isa = PBXFileReference; lastKnownFileType = sourcecode.swift; path = PasswordTextField.swift; sourceTree = "<group>"; };
		97C67701290D163E00CB13B9 /* PasswordCriteriaView.swift */ = {isa = PBXFileReference; lastKnownFileType = sourcecode.swift; path = PasswordCriteriaView.swift; sourceTree = "<group>"; };
		97C67703290D3C8200CB13B9 /* PasswordStatusView.swift */ = {isa = PBXFileReference; lastKnownFileType = sourcecode.swift; path = PasswordStatusView.swift; sourceTree = "<group>"; };
		97C67726290E4AA800CB13B9 /* PasswordCriteria.swift */ = {isa = PBXFileReference; lastKnownFileType = sourcecode.swift; path = PasswordCriteria.swift; sourceTree = "<group>"; };
/* End PBXFileReference section */

/* Begin PBXFrameworksBuildPhase section */
		97C676DD290A726A00CB13B9 /* Frameworks */ = {
			isa = PBXFrameworksBuildPhase;
			buildActionMask = 2147483647;
			files = (
			);
			runOnlyForDeploymentPostprocessing = 0;
		};
/* End PBXFrameworksBuildPhase section */

/* Begin PBXGroup section */
		97C676D7290A726A00CB13B9 = {
			isa = PBXGroup;
			children = (
				97C676E2290A726A00CB13B9 /* Password */,
				97C676E1290A726A00CB13B9 /* Products */,
			);
			sourceTree = "<group>";
		};
		97C676E1290A726A00CB13B9 /* Products */ = {
			isa = PBXGroup;
			children = (
				97C676E0290A726A00CB13B9 /* Password.app */,
			);
			name = Products;
			sourceTree = "<group>";
		};
		97C676E2290A726A00CB13B9 /* Password */ = {
			isa = PBXGroup;
			children = (
				97C676F7290A734800CB13B9 /* Files */,
				97C676FB290A79A800CB13B9 /* Extensions */,
				97C676E3290A726A00CB13B9 /* AppDelegate.swift */,
				97C676E7290A726A00CB13B9 /* ViewController.swift */,
				97C676FE290BA5B200CB13B9 /* PasswordTextField.swift */,
				97C67700290D15BA00CB13B9 /* PasswordStatusView */,
			);
			path = Password;
			sourceTree = "<group>";
		};
		97C676F7290A734800CB13B9 /* Files */ = {
			isa = PBXGroup;
			children = (
				97C676EC290A726B00CB13B9 /* Assets.xcassets */,
				97C676EE290A726B00CB13B9 /* LaunchScreen.storyboard */,
				97C676F1290A726B00CB13B9 /* Info.plist */,
			);
			name = Files;
			sourceTree = "<group>";
		};
		97C676FB290A79A800CB13B9 /* Extensions */ = {
			isa = PBXGroup;
			children = (
				97C676FC290A79DD00CB13B9 /* UITextField+Extensions.swift */,
			);
			path = Extensions;
			sourceTree = "<group>";
		};
		97C67700290D15BA00CB13B9 /* PasswordStatusView */ = {
			isa = PBXGroup;
			children = (
				97C67701290D163E00CB13B9 /* PasswordCriteriaView.swift */,
				97C67703290D3C8200CB13B9 /* PasswordStatusView.swift */,
				97C67726290E4AA800CB13B9 /* PasswordCriteria.swift */,
			);
			path = PasswordStatusView;
			sourceTree = "<group>";
		};
/* End PBXGroup section */

/* Begin PBXNativeTarget section */
		97C676DF290A726A00CB13B9 /* Password */ = {
			isa = PBXNativeTarget;
			buildConfigurationList = 97C676F4290A726B00CB13B9 /* Build configuration list for PBXNativeTarget "Password" */;
			buildPhases = (
				97C676DC290A726A00CB13B9 /* Sources */,
				97C676DD290A726A00CB13B9 /* Frameworks */,
				97C676DE290A726A00CB13B9 /* Resources */,
			);
			buildRules = (
			);
			dependencies = (
			);
			name = Password;
			productName = Password;
			productReference = 97C676E0290A726A00CB13B9 /* Password.app */;
			productType = "com.apple.product-type.application";
		};
/* End PBXNativeTarget section */

/* Begin PBXProject section */
		97C676D8290A726A00CB13B9 /* Project object */ = {
			isa = PBXProject;
			attributes = {
				BuildIndependentTargetsInParallel = 1;
				LastSwiftUpdateCheck = 1400;
				LastUpgradeCheck = 1400;
				TargetAttributes = {
					97C676DF290A726A00CB13B9 = {
						CreatedOnToolsVersion = 14.0;
					};
				};
			};
			buildConfigurationList = 97C676DB290A726A00CB13B9 /* Build configuration list for PBXProject "Password" */;
			compatibilityVersion = "Xcode 14.0";
			developmentRegion = en;
			hasScannedForEncodings = 0;
			knownRegions = (
				en,
				Base,
			);
			mainGroup = 97C676D7290A726A00CB13B9;
			productRefGroup = 97C676E1290A726A00CB13B9 /* Products */;
			projectDirPath = "";
			projectRoot = "";
			targets = (
				97C676DF290A726A00CB13B9 /* Password */,
			);
		};
/* End PBXProject section */

/* Begin PBXResourcesBuildPhase section */
		97C676DE290A726A00CB13B9 /* Resources */ = {
			isa = PBXResourcesBuildPhase;
			buildActionMask = 2147483647;
			files = (
				97C676F0290A726B00CB13B9 /* LaunchScreen.storyboard in Resources */,
				97C676ED290A726B00CB13B9 /* Assets.xcassets in Resources */,
			);
			runOnlyForDeploymentPostprocessing = 0;
		};
/* End PBXResourcesBuildPhase section */

/* Begin PBXSourcesBuildPhase section */
		97C676DC290A726A00CB13B9 /* Sources */ = {
			isa = PBXSourcesBuildPhase;
			buildActionMask = 2147483647;
			files = (
				97C676FD290A79DD00CB13B9 /* UITextField+Extensions.swift in Sources */,
				97C676E8290A726A00CB13B9 /* ViewController.swift in Sources */,
				97C67702290D163E00CB13B9 /* PasswordCriteriaView.swift in Sources */,
				97C67704290D3C8200CB13B9 /* PasswordStatusView.swift in Sources */,
				97C676FF290BA5B200CB13B9 /* PasswordTextField.swift in Sources */,
				97C67727290E4AA800CB13B9 /* PasswordCriteria.swift in Sources */,
				97C676E4290A726A00CB13B9 /* AppDelegate.swift in Sources */,
			);
			runOnlyForDeploymentPostprocessing = 0;
		};
/* End PBXSourcesBuildPhase section */

/* Begin PBXVariantGroup section */
		97C676EE290A726B00CB13B9 /* LaunchScreen.storyboard */ = {
			isa = PBXVariantGroup;
			children = (
				97C676EF290A726B00CB13B9 /* Base */,
			);
			name = LaunchScreen.storyboard;
			sourceTree = "<group>";
		};
/* End PBXVariantGroup section */

/* Begin XCBuildConfiguration section */
		97C676F2290A726B00CB13B9 /* Debug */ = {
			isa = XCBuildConfiguration;
			buildSettings = {
				ALWAYS_SEARCH_USER_PATHS = NO;
				CLANG_ANALYZER_NONNULL = YES;
				CLANG_ANALYZER_NUMBER_OBJECT_CONVERSION = YES_AGGRESSIVE;
				CLANG_CXX_LANGUAGE_STANDARD = "gnu++20";
				CLANG_ENABLE_MODULES = YES;
				CLANG_ENABLE_OBJC_ARC = YES;
				CLANG_ENABLE_OBJC_WEAK = YES;
				CLANG_WARN_BLOCK_CAPTURE_AUTORELEASING = YES;
				CLANG_WARN_BOOL_CONVERSION = YES;
				CLANG_WARN_COMMA = YES;
				CLANG_WARN_CONSTANT_CONVERSION = YES;
				CLANG_WARN_DEPRECATED_OBJC_IMPLEMENTATIONS = YES;
				CLANG_WARN_DIRECT_OBJC_ISA_USAGE = YES_ERROR;
				CLANG_WARN_DOCUMENTATION_COMMENTS = YES;
				CLANG_WARN_EMPTY_BODY = YES;
				CLANG_WARN_ENUM_CONVERSION = YES;
				CLANG_WARN_INFINITE_RECURSION = YES;
				CLANG_WARN_INT_CONVERSION = YES;
				CLANG_WARN_NON_LITERAL_NULL_CONVERSION = YES;
				CLANG_WARN_OBJC_IMPLICIT_RETAIN_SELF = YES;
				CLANG_WARN_OBJC_LITERAL_CONVERSION = YES;
				CLANG_WARN_OBJC_ROOT_CLASS = YES_ERROR;
				CLANG_WARN_QUOTED_INCLUDE_IN_FRAMEWORK_HEADER = YES;
				CLANG_WARN_RANGE_LOOP_ANALYSIS = YES;
				CLANG_WARN_STRICT_PROTOTYPES = YES;
				CLANG_WARN_SUSPICIOUS_MOVE = YES;
				CLANG_WARN_UNGUARDED_AVAILABILITY = YES_AGGRESSIVE;
				CLANG_WARN_UNREACHABLE_CODE = YES;
				CLANG_WARN__DUPLICATE_METHOD_MATCH = YES;
				COPY_PHASE_STRIP = NO;
				DEBUG_INFORMATION_FORMAT = dwarf;
				ENABLE_STRICT_OBJC_MSGSEND = YES;
				ENABLE_TESTABILITY = YES;
				GCC_C_LANGUAGE_STANDARD = gnu11;
				GCC_DYNAMIC_NO_PIC = NO;
				GCC_NO_COMMON_BLOCKS = YES;
				GCC_OPTIMIZATION_LEVEL = 0;
				GCC_PREPROCESSOR_DEFINITIONS = (
					"DEBUG=1",
					"$(inherited)",
				);
				GCC_WARN_64_TO_32_BIT_CONVERSION = YES;
				GCC_WARN_ABOUT_RETURN_TYPE = YES_ERROR;
				GCC_WARN_UNDECLARED_SELECTOR = YES;
				GCC_WARN_UNINITIALIZED_AUTOS = YES_AGGRESSIVE;
				GCC_WARN_UNUSED_FUNCTION = YES;
				GCC_WARN_UNUSED_VARIABLE = YES;
				IPHONEOS_DEPLOYMENT_TARGET = 16.0;
				MTL_ENABLE_DEBUG_INFO = INCLUDE_SOURCE;
				MTL_FAST_MATH = YES;
				ONLY_ACTIVE_ARCH = YES;
				SDKROOT = iphoneos;
				SWIFT_ACTIVE_COMPILATION_CONDITIONS = DEBUG;
				SWIFT_OPTIMIZATION_LEVEL = "-Onone";
			};
			name = Debug;
		};
		97C676F3290A726B00CB13B9 /* Release */ = {
			isa = XCBuildConfiguration;
			buildSettings = {
				ALWAYS_SEARCH_USER_PATHS = NO;
				CLANG_ANALYZER_NONNULL = YES;
				CLANG_ANALYZER_NUMBER_OBJECT_CONVERSION = YES_AGGRESSIVE;
				CLANG_CXX_LANGUAGE_STANDARD = "gnu++20";
				CLANG_ENABLE_MODULES = YES;
				CLANG_ENABLE_OBJC_ARC = YES;
				CLANG_ENABLE_OBJC_WEAK = YES;
				CLANG_WARN_BLOCK_CAPTURE_AUTORELEASING = YES;
				CLANG_WARN_BOOL_CONVERSION = YES;
				CLANG_WARN_COMMA = YES;
				CLANG_WARN_CONSTANT_CONVERSION = YES;
				CLANG_WARN_DEPRECATED_OBJC_IMPLEMENTATIONS = YES;
				CLANG_WARN_DIRECT_OBJC_ISA_USAGE = YES_ERROR;
				CLANG_WARN_DOCUMENTATION_COMMENTS = YES;
				CLANG_WARN_EMPTY_BODY = YES;
				CLANG_WARN_ENUM_CONVERSION = YES;
				CLANG_WARN_INFINITE_RECURSION = YES;
				CLANG_WARN_INT_CONVERSION = YES;
				CLANG_WARN_NON_LITERAL_NULL_CONVERSION = YES;
				CLANG_WARN_OBJC_IMPLICIT_RETAIN_SELF = YES;
				CLANG_WARN_OBJC_LITERAL_CONVERSION = YES;
				CLANG_WARN_OBJC_ROOT_CLASS = YES_ERROR;
				CLANG_WARN_QUOTED_INCLUDE_IN_FRAMEWORK_HEADER = YES;
				CLANG_WARN_RANGE_LOOP_ANALYSIS = YES;
				CLANG_WARN_STRICT_PROTOTYPES = YES;
				CLANG_WARN_SUSPICIOUS_MOVE = YES;
				CLANG_WARN_UNGUARDED_AVAILABILITY = YES_AGGRESSIVE;
				CLANG_WARN_UNREACHABLE_CODE = YES;
				CLANG_WARN__DUPLICATE_METHOD_MATCH = YES;
				COPY_PHASE_STRIP = NO;
				DEBUG_INFORMATION_FORMAT = "dwarf-with-dsym";
				ENABLE_NS_ASSERTIONS = NO;
				ENABLE_STRICT_OBJC_MSGSEND = YES;
				GCC_C_LANGUAGE_STANDARD = gnu11;
				GCC_NO_COMMON_BLOCKS = YES;
				GCC_WARN_64_TO_32_BIT_CONVERSION = YES;
				GCC_WARN_ABOUT_RETURN_TYPE = YES_ERROR;
				GCC_WARN_UNDECLARED_SELECTOR = YES;
				GCC_WARN_UNINITIALIZED_AUTOS = YES_AGGRESSIVE;
				GCC_WARN_UNUSED_FUNCTION = YES;
				GCC_WARN_UNUSED_VARIABLE = YES;
				IPHONEOS_DEPLOYMENT_TARGET = 16.0;
				MTL_ENABLE_DEBUG_INFO = NO;
				MTL_FAST_MATH = YES;
				SDKROOT = iphoneos;
				SWIFT_COMPILATION_MODE = wholemodule;
				SWIFT_OPTIMIZATION_LEVEL = "-O";
				VALIDATE_PRODUCT = YES;
			};
			name = Release;
		};
		97C676F5290A726B00CB13B9 /* Debug */ = {
			isa = XCBuildConfiguration;
			buildSettings = {
				ASSETCATALOG_COMPILER_APPICON_NAME = AppIcon;
				ASSETCATALOG_COMPILER_GLOBAL_ACCENT_COLOR_NAME = AccentColor;
				CODE_SIGN_STYLE = Automatic;
				CURRENT_PROJECT_VERSION = 1;
				DEVELOPMENT_TEAM = C7PLJ4A854;
				GENERATE_INFOPLIST_FILE = YES;
				INFOPLIST_FILE = Password/Info.plist;
				INFOPLIST_KEY_UIApplicationSupportsIndirectInputEvents = YES;
				INFOPLIST_KEY_UILaunchStoryboardName = LaunchScreen;
				INFOPLIST_KEY_UISupportedInterfaceOrientations_iPad = "UIInterfaceOrientationPortrait UIInterfaceOrientationPortraitUpsideDown UIInterfaceOrientationLandscapeLeft UIInterfaceOrientationLandscapeRight";
				INFOPLIST_KEY_UISupportedInterfaceOrientations_iPhone = "UIInterfaceOrientationPortrait UIInterfaceOrientationLandscapeLeft UIInterfaceOrientationLandscapeRight";
				LD_RUNPATH_SEARCH_PATHS = (
					"$(inherited)",
					"@executable_path/Frameworks",
				);
				MARKETING_VERSION = 1.0;
				PRODUCT_BUNDLE_IDENTIFIER = com.hussainbusiness.Password;
				PRODUCT_NAME = "$(TARGET_NAME)";
				SWIFT_EMIT_LOC_STRINGS = YES;
				SWIFT_VERSION = 5.0;
				TARGETED_DEVICE_FAMILY = "1,2";
			};
			name = Debug;
		};
		97C676F6290A726B00CB13B9 /* Release */ = {
			isa = XCBuildConfiguration;
			buildSettings = {
				ASSETCATALOG_COMPILER_APPICON_NAME = AppIcon;
				ASSETCATALOG_COMPILER_GLOBAL_ACCENT_COLOR_NAME = AccentColor;
				CODE_SIGN_STYLE = Automatic;
				CURRENT_PROJECT_VERSION = 1;
				DEVELOPMENT_TEAM = C7PLJ4A854;
				GENERATE_INFOPLIST_FILE = YES;
				INFOPLIST_FILE = Password/Info.plist;
				INFOPLIST_KEY_UIApplicationSupportsIndirectInputEvents = YES;
				INFOPLIST_KEY_UILaunchStoryboardName = LaunchScreen;
				INFOPLIST_KEY_UISupportedInterfaceOrientations_iPad = "UIInterfaceOrientationPortrait UIInterfaceOrientationPortraitUpsideDown UIInterfaceOrientationLandscapeLeft UIInterfaceOrientationLandscapeRight";
				INFOPLIST_KEY_UISupportedInterfaceOrientations_iPhone = "UIInterfaceOrientationPortrait UIInterfaceOrientationLandscapeLeft UIInterfaceOrientationLandscapeRight";
				LD_RUNPATH_SEARCH_PATHS = (
					"$(inherited)",
					"@executable_path/Frameworks",
				);
				MARKETING_VERSION = 1.0;
				PRODUCT_BUNDLE_IDENTIFIER = com.hussainbusiness.Password;
				PRODUCT_NAME = "$(TARGET_NAME)";
				SWIFT_EMIT_LOC_STRINGS = YES;
				SWIFT_VERSION = 5.0;
				TARGETED_DEVICE_FAMILY = "1,2";
			};
			name = Release;
		};
/* End XCBuildConfiguration section */

/* Begin XCConfigurationList section */
		97C676DB290A726A00CB13B9 /* Build configuration list for PBXProject "Password" */ = {
			isa = XCConfigurationList;
			buildConfigurations = (
				97C676F2290A726B00CB13B9 /* Debug */,
				97C676F3290A726B00CB13B9 /* Release */,
			);
			defaultConfigurationIsVisible = 0;
			defaultConfigurationName = Release;
		};
		97C676F4290A726B00CB13B9 /* Build configuration list for PBXNativeTarget "Password" */ = {
			isa = XCConfigurationList;
			buildConfigurations = (
				97C676F5290A726B00CB13B9 /* Debug */,
				97C676F6290A726B00CB13B9 /* Release */,
			);
			defaultConfigurationIsVisible = 0;
			defaultConfigurationName = Release;
		};
/* End XCConfigurationList section */
	};
	rootObject = 97C676D8290A726A00CB13B9 /* Project object */;
}
